
Microsoft Visual Studio Solution File, Format Version 12.00
# Visual Studio Version 17
VisualStudioVersion = 17.13.35931.197
MinimumVisualStudioVersion = 10.0.40219.1
Project("{FAE04EC0-301F-11D3-BF4B-00C04F79EFBC}") = "Domain", "Domain\Domain.csproj", "{6F5E87D4-45E7-4E8D-B646-EC809F0FDF6A}"
EndProject
Project("{FAE04EC0-301F-11D3-BF4B-00C04F79EFBC}") = "Application", "Application\Application.csproj", "{A5C889B0-F70A-418F-94B1-DC8C4FF93397}"
EndProject
Project("{FAE04EC0-301F-11D3-BF4B-00C04F79EFBC}") = "Infrastructure", "Infrastructure\Infrastructure.csproj", "{6FAAED9B-F9A0-4527-8B85-423079CA411F}"
EndProject
Global
	GlobalSection(SolutionConfigurationPlatforms) = preSolution
		Debug|Any CPU = Debug|Any CPU
		Release|Any CPU = Release|Any CPU
	EndGlobalSection
	GlobalSection(ProjectConfigurationPlatforms) = postSolution
		{6F5E87D4-45E7-4E8D-B646-EC809F0FDF6A}.Debug|Any CPU.ActiveCfg = Debug|Any CPU
		{6F5E87D4-45E7-4E8D-B646-EC809F0FDF6A}.Debug|Any CPU.Build.0 = Debug|Any CPU
		{6F5E87D4-45E7-4E8D-B646-EC809F0FDF6A}.Release|Any CPU.ActiveCfg = Release|Any CPU
		{6F5E87D4-45E7-4E8D-B646-EC809F0FDF6A}.Release|Any CPU.Build.0 = Release|Any CPU
		{A5C889B0-F70A-418F-94B1-DC8C4FF93397}.Debug|Any CPU.ActiveCfg = Debug|Any CPU
		{A5C889B0-F70A-418F-94B1-DC8C4FF93397}.Debug|Any CPU.Build.0 = Debug|Any CPU
		{A5C889B0-F70A-418F-94B1-DC8C4FF93397}.Release|Any CPU.ActiveCfg = Release|Any CPU
		{A5C889B0-F70A-418F-94B1-DC8C4FF93397}.Release|Any CPU.Build.0 = Release|Any CPU
		{6FAAED9B-F9A0-4527-8B85-423079CA411F}.Debug|Any CPU.ActiveCfg = Debug|Any CPU
		{6FAAED9B-F9A0-4527-8B85-423079CA411F}.Debug|Any CPU.Build.0 = Debug|Any CPU
		{6FAAED9B-F9A0-4527-8B85-423079CA411F}.Release|Any CPU.ActiveCfg = Release|Any CPU
		{6FAAED9B-F9A0-4527-8B85-423079CA411F}.Release|Any CPU.Build.0 = Release|Any CPU
	EndGlobalSection
	GlobalSection(SolutionProperties) = preSolution
		HideSolutionNode = FALSE
	EndGlobalSection
	GlobalSection(ExtensibilityGlobals) = postSolution
		SolutionGuid = {143BBD59-C93D-4318-A30D-138883724AFA}
	EndGlobalSection
EndGlobal
